// !$*UTF8*$!
{
	archiveVersion = 1;
	classes = {
	};
	objectVersion = 56;
	objects = {

/* Begin PBXBuildFile section */
		12E8BB2D2E4561AC00FD339C /* personal_trainer_appApp.swift in Sources */ = {isa = PBXBuildFile; fileRef = 12E8BB2C2E4561AC00FD339C /* personal_trainer_appApp.swift */; };
		12E8BB2F2E4561AC00FD339C /* ContentView.swift in Sources */ = {isa = PBXBuildFile; fileRef = 12E8BB2E2E4561AC00FD339C /* ContentView.swift */; };
		12E8BB312E4561B000FD339C /* Assets.xcassets in Resources */ = {isa = PBXBuildFile; fileRef = 12E8BB302E4561B000FD339C /* Assets.xcassets */; };
		12E8BB342E4561B000FD339C /* Preview Assets.xcassets in Resources */ = {isa = PBXBuildFile; fileRef = 12E8BB332E4561B000FD339C /* Preview Assets.xcassets */; };
		12E8BB3E2E4561B000FD339C /* personal_trainer_appTests.swift in Sources */ = {isa = PBXBuildFile; fileRef = 12E8BB3D2E4561B000FD339C /* personal_trainer_appTests.swift */; };
		12E8BB482E4561B000FD339C /* personal_trainer_appUITests.swift in Sources */ = {isa = PBXBuildFile; fileRef = 12E8BB472E4561B000FD339C /* personal_trainer_appUITests.swift */; };
		12E8BB4A2E4561B000FD339C /* personal_trainer_appUITestsLaunchTests.swift in Sources */ = {isa = PBXBuildFile; fileRef = 12E8BB492E4561B000FD339C /* personal_trainer_appUITestsLaunchTests.swift */; };
/* End PBXBuildFile section */

/* Begin PBXContainerItemProxy section */
		12E8BB3A2E4561B000FD339C /* PBXContainerItemProxy */ = {
			isa = PBXContainerItemProxy;
			containerPortal = 12E8BB212E4561AC00FD339C /* Project object */;
			proxyType = 1;
			remoteGlobalIDString = 12E8BB282E4561AC00FD339C;
			remoteInfo = personal_trainer_app;
		};
		12E8BB442E4561B000FD339C /* PBXContainerItemProxy */ = {
			isa = PBXContainerItemProxy;
			containerPortal = 12E8BB212E4561AC00FD339C /* Project object */;
			proxyType = 1;
			remoteGlobalIDString = 12E8BB282E4561AC00FD339C;
			remoteInfo = personal_trainer_app;
		};
/* End PBXContainerItemProxy section */

/* Begin PBXFileReference section */
		12E8BB292E4561AC00FD339C /* personal_trainer_app.app */ = {isa = PBXFileReference; explicitFileType = wrapper.application; includeInIndex = 0; path = personal_trainer_app.app; sourceTree = BUILT_PRODUCTS_DIR; };
		12E8BB2C2E4561AC00FD339C /* personal_trainer_appApp.swift */ = {isa = PBXFileReference; lastKnownFileType = sourcecode.swift; path = personal_trainer_appApp.swift; sourceTree = "<group>"; };
		12E8BB2E2E4561AC00FD339C /* ContentView.swift */ = {isa = PBXFileReference; lastKnownFileType = sourcecode.swift; path = ContentView.swift; sourceTree = "<group>"; };
		12E8BB302E4561B000FD339C /* Assets.xcassets */ = {isa = PBXFileReference; lastKnownFileType = folder.assetcatalog; path = Assets.xcassets; sourceTree = "<group>"; };
		12E8BB332E4561B000FD339C /* Preview Assets.xcassets */ = {isa = PBXFileReference; lastKnownFileType = folder.assetcatalog; path = "Preview Assets.xcassets"; sourceTree = "<group>"; };
		12E8BB392E4561B000FD339C /* personal_trainer_appTests.xctest */ = {isa = PBXFileReference; explicitFileType = wrapper.cfbundle; includeInIndex = 0; path = personal_trainer_appTests.xctest; sourceTree = BUILT_PRODUCTS_DIR; };
		12E8BB3D2E4561B000FD339C /* personal_trainer_appTests.swift */ = {isa = PBXFileReference; lastKnownFileType = sourcecode.swift; path = personal_trainer_appTests.swift; sourceTree = "<group>"; };
		12E8BB432E4561B000FD339C /* personal_trainer_appUITests.xctest */ = {isa = PBXFileReference; explicitFileType = wrapper.cfbundle; includeInIndex = 0; path = personal_trainer_appUITests.xctest; sourceTree = BUILT_PRODUCTS_DIR; };
		12E8BB472E4561B000FD339C /* personal_trainer_appUITests.swift */ = {isa = PBXFileReference; lastKnownFileType = sourcecode.swift; path = personal_trainer_appUITests.swift; sourceTree = "<group>"; };
		12E8BB492E4561B000FD339C /* personal_trainer_appUITestsLaunchTests.swift */ = {isa = PBXFileReference; lastKnownFileType = sourcecode.swift; path = personal_trainer_appUITestsLaunchTests.swift; sourceTree = "<group>"; };
/* End PBXFileReference section */

/* Begin PBXFrameworksBuildPhase section */
		12E8BB262E4561AC00FD339C /* Frameworks */ = {
			isa = PBXFrameworksBuildPhase;
			buildActionMask = 2147483647;
			files = (
			);
			runOnlyForDeploymentPostprocessing = 0;
		};
		12E8BB362E4561B000FD339C /* Frameworks */ = {
			isa = PBXFrameworksBuildPhase;
			buildActionMask = 2147483647;
			files = (
			);
			runOnlyForDeploymentPostprocessing = 0;
		};
		12E8BB402E4561B000FD339C /* Frameworks */ = {
			isa = PBXFrameworksBuildPhase;
			buildActionMask = 2147483647;
			files = (
			);
			runOnlyForDeploymentPostprocessing = 0;
		};
/* End PBXFrameworksBuildPhase section */

/* Begin PBXGroup section */
		12E8BB202E4561AC00FD339C = {
			isa = PBXGroup;
			children = (
				12E8BB2B2E4561AC00FD339C /* personal_trainer_app */,
				12E8BB3C2E4561B000FD339C /* personal_trainer_appTests */,
				12E8BB462E4561B000FD339C /* personal_trainer_appUITests */,
				12E8BB2A2E4561AC00FD339C /* Products */,
			);
			sourceTree = "<group>";
		};
		12E8BB2A2E4561AC00FD339C /* Products */ = {
			isa = PBXGroup;
			children = (
				12E8BB292E4561AC00FD339C /* personal_trainer_app.app */,
				12E8BB392E4561B000FD339C /* personal_trainer_appTests.xctest */,
				12E8BB432E4561B000FD339C /* personal_trainer_appUITests.xctest */,
			);
			name = Products;
			sourceTree = "<group>";
		};
		12E8BB2B2E4561AC00FD339C /* personal_trainer_app */ = {
			isa = PBXGroup;
			children = (
				12E8BB2C2E4561AC00FD339C /* personal_trainer_appApp.swift */,
				12E8BB2E2E4561AC00FD339C /* ContentView.swift */,
				12E8BB302E4561B000FD339C /* Assets.xcassets */,
				12E8BB322E4561B000FD339C /* Preview Content */,
			);
			path = personal_trainer_app;
			sourceTree = "<group>";
		};
		12E8BB322E4561B000FD339C /* Preview Content */ = {
			isa = PBXGroup;
			children = (
				12E8BB332E4561B000FD339C /* Preview Assets.xcassets */,
			);
			path = "Preview Content";
			sourceTree = "<group>";
		};
		12E8BB3C2E4561B000FD339C /* personal_trainer_appTests */ = {
			isa = PBXGroup;
			children = (
				12E8BB3D2E4561B000FD339C /* personal_trainer_appTests.swift */,
			);
			path = personal_trainer_appTests;
			sourceTree = "<group>";
		};
		12E8BB462E4561B000FD339C /* personal_trainer_appUITests */ = {
			isa = PBXGroup;
			children = (
				12E8BB472E4561B000FD339C /* personal_trainer_appUITests.swift */,
				12E8BB492E4561B000FD339C /* personal_trainer_appUITestsLaunchTests.swift */,
			);
			path = personal_trainer_appUITests;
			sourceTree = "<group>";
		};
/* End PBXGroup section */

/* Begin PBXNativeTarget section */
		12E8BB282E4561AC00FD339C /* personal_trainer_app */ = {
			isa = PBXNativeTarget;
			buildConfigurationList = 12E8BB4D2E4561B000FD339C /* Build configuration list for PBXNativeTarget "personal_trainer_app" */;
			buildPhases = (
				12E8BB252E4561AC00FD339C /* Sources */,
				12E8BB262E4561AC00FD339C /* Frameworks */,
				12E8BB272E4561AC00FD339C /* Resources */,
			);
			buildRules = (
			);
			dependencies = (
			);
			name = personal_trainer_app;
			productName = personal_trainer_app;
			productReference = 12E8BB292E4561AC00FD339C /* personal_trainer_app.app */;
			productType = "com.apple.product-type.application";
		};
		12E8BB382E4561B000FD339C /* personal_trainer_appTests */ = {
			isa = PBXNativeTarget;
			buildConfigurationList = 12E8BB502E4561B000FD339C /* Build configuration list for PBXNativeTarget "personal_trainer_appTests" */;
			buildPhases = (
				12E8BB352E4561B000FD339C /* Sources */,
				12E8BB362E4561B000FD339C /* Frameworks */,
				12E8BB372E4561B000FD339C /* Resources */,
			);
			buildRules = (
			);
			dependencies = (
				12E8BB3B2E4561B000FD339C /* PBXTargetDependency */,
			);
			name = personal_trainer_appTests;
			productName = personal_trainer_appTests;
			productReference = 12E8BB392E4561B000FD339C /* personal_trainer_appTests.xctest */;
			productType = "com.apple.product-type.bundle.unit-test";
		};
		12E8BB422E4561B000FD339C /* personal_trainer_appUITests */ = {
			isa = PBXNativeTarget;
			buildConfigurationList = 12E8BB532E4561B000FD339C /* Build configuration list for PBXNativeTarget "personal_trainer_appUITests" */;
			buildPhases = (
				12E8BB3F2E4561B000FD339C /* Sources */,
				12E8BB402E4561B000FD339C /* Frameworks */,
				12E8BB412E4561B000FD339C /* Resources */,
			);
			buildRules = (
			);
			dependencies = (
				12E8BB452E4561B000FD339C /* PBXTargetDependency */,
			);
			name = personal_trainer_appUITests;
			productName = personal_trainer_appUITests;
			productReference = 12E8BB432E4561B000FD339C /* personal_trainer_appUITests.xctest */;
			productType = "com.apple.product-type.bundle.ui-testing";
		};
/* End PBXNativeTarget section */

/* Begin PBXProject section */
		12E8BB212E4561AC00FD339C /* Project object */ = {
			isa = PBXProject;
			attributes = {
				BuildIndependentTargetsInParallel = 1;
				LastSwiftUpdateCheck = 1520;
				LastUpgradeCheck = 1520;
				TargetAttributes = {
					12E8BB282E4561AC00FD339C = {
						CreatedOnToolsVersion = 15.2;
					};
					12E8BB382E4561B000FD339C = {
						CreatedOnToolsVersion = 15.2;
						TestTargetID = 12E8BB282E4561AC00FD339C;
					};
					12E8BB422E4561B000FD339C = {
						CreatedOnToolsVersion = 15.2;
						TestTargetID = 12E8BB282E4561AC00FD339C;
					};
				};
			};
			buildConfigurationList = 12E8BB242E4561AC00FD339C /* Build configuration list for PBXProject "personal_trainer_app" */;
			compatibilityVersion = "Xcode 14.0";
			developmentRegion = en;
			hasScannedForEncodings = 0;
			knownRegions = (
				en,
				Base,
			);
			mainGroup = 12E8BB202E4561AC00FD339C;
			productRefGroup = 12E8BB2A2E4561AC00FD339C /* Products */;
			projectDirPath = "";
			projectRoot = "";
			targets = (
				12E8BB282E4561AC00FD339C /* personal_trainer_app */,
				12E8BB382E4561B000FD339C /* personal_trainer_appTests */,
				12E8BB422E4561B000FD339C /* personal_trainer_appUITests */,
			);
		};
/* End PBXProject section */

/* Begin PBXResourcesBuildPhase section */
		12E8BB272E4561AC00FD339C /* Resources */ = {
			isa = PBXResourcesBuildPhase;
			buildActionMask = 2147483647;
			files = (
				12E8BB342E4561B000FD339C /* Preview Assets.xcassets in Resources */,
				12E8BB312E4561B000FD339C /* Assets.xcassets in Resources */,
			);
			runOnlyForDeploymentPostprocessing = 0;
		};
		12E8BB372E4561B000FD339C /* Resources */ = {
			isa = PBXResourcesBuildPhase;
			buildActionMask = 2147483647;
			files = (
			);
			runOnlyForDeploymentPostprocessing = 0;
		};
		12E8BB412E4561B000FD339C /* Resources */ = {
			isa = PBXResourcesBuildPhase;
			buildActionMask = 2147483647;
			files = (
			);
			runOnlyForDeploymentPostprocessing = 0;
		};
/* End PBXResourcesBuildPhase section */

/* Begin PBXSourcesBuildPhase section */
		12E8BB252E4561AC00FD339C /* Sources */ = {
			isa = PBXSourcesBuildPhase;
			buildActionMask = 2147483647;
			files = (
				12E8BB2F2E4561AC00FD339C /* ContentView.swift in Sources */,
				12E8BB2D2E4561AC00FD339C /* personal_trainer_appApp.swift in Sources */,
			);
			runOnlyForDeploymentPostprocessing = 0;
		};
		12E8BB352E4561B000FD339C /* Sources */ = {
			isa = PBXSourcesBuildPhase;
			buildActionMask = 2147483647;
			files = (
				12E8BB3E2E4561B000FD339C /* personal_trainer_appTests.swift in Sources */,
			);
			runOnlyForDeploymentPostprocessing = 0;
		};
		12E8BB3F2E4561B000FD339C /* Sources */ = {
			isa = PBXSourcesBuildPhase;
			buildActionMask = 2147483647;
			files = (
				12E8BB4A2E4561B000FD339C /* personal_trainer_appUITestsLaunchTests.swift in Sources */,
				12E8BB482E4561B000FD339C /* personal_trainer_appUITests.swift in Sources */,
			);
			runOnlyForDeploymentPostprocessing = 0;
		};
/* End PBXSourcesBuildPhase section */

/* Begin PBXTargetDependency section */
		12E8BB3B2E4561B000FD339C /* PBXTargetDependency */ = {
			isa = PBXTargetDependency;
			target = 12E8BB282E4561AC00FD339C /* personal_trainer_app */;
			targetProxy = 12E8BB3A2E4561B000FD339C /* PBXContainerItemProxy */;
		};
		12E8BB452E4561B000FD339C /* PBXTargetDependency */ = {
			isa = PBXTargetDependency;
			target = 12E8BB282E4561AC00FD339C /* personal_trainer_app */;
			targetProxy = 12E8BB442E4561B000FD339C /* PBXContainerItemProxy */;
		};
/* End PBXTargetDependency section */

/* Begin XCBuildConfiguration section */
		12E8BB4B2E4561B000FD339C /* Debug */ = {
			isa = XCBuildConfiguration;
			buildSettings = {
				ALWAYS_SEARCH_USER_PATHS = NO;
				ASSETCATALOG_COMPILER_GENERATE_SWIFT_ASSET_SYMBOL_EXTENSIONS = YES;
				CLANG_ANALYZER_NONNULL = YES;
				CLANG_ANALYZER_NUMBER_OBJECT_CONVERSION = YES_AGGRESSIVE;
				CLANG_CXX_LANGUAGE_STANDARD = "gnu++20";
				CLANG_ENABLE_MODULES = YES;
				CLANG_ENABLE_OBJC_ARC = YES;
				CLANG_ENABLE_OBJC_WEAK = YES;
				CLANG_WARN_BLOCK_CAPTURE_AUTORELEASING = YES;
				CLANG_WARN_BOOL_CONVERSION = YES;
				CLANG_WARN_COMMA = YES;
				CLANG_WARN_CONSTANT_CONVERSION = YES;
				CLANG_WARN_DEPRECATED_OBJC_IMPLEMENTATIONS = YES;
				CLANG_WARN_DIRECT_OBJC_ISA_USAGE = YES_ERROR;
				CLANG_WARN_DOCUMENTATION_COMMENTS = YES;
				CLANG_WARN_EMPTY_BODY = YES;
				CLANG_WARN_ENUM_CONVERSION = YES;
				CLANG_WARN_INFINITE_RECURSION = YES;
				CLANG_WARN_INT_CONVERSION = YES;
				CLANG_WARN_NON_LITERAL_NULL_CONVERSION = YES;
				CLANG_WARN_OBJC_IMPLICIT_RETAIN_SELF = YES;
				CLANG_WARN_OBJC_LITERAL_CONVERSION = YES;
				CLANG_WARN_OBJC_ROOT_CLASS = YES_ERROR;
				CLANG_WARN_QUOTED_INCLUDE_IN_FRAMEWORK_HEADER = YES;
				CLANG_WARN_RANGE_LOOP_ANALYSIS = YES;
				CLANG_WARN_STRICT_PROTOTYPES = YES;
				CLANG_WARN_SUSPICIOUS_MOVE = YES;
				CLANG_WARN_UNGUARDED_AVAILABILITY = YES_AGGRESSIVE;
				CLANG_WARN_UNREACHABLE_CODE = YES;
				CLANG_WARN__DUPLICATE_METHOD_MATCH = YES;
				COPY_PHASE_STRIP = NO;
				DEBUG_INFORMATION_FORMAT = dwarf;
				ENABLE_STRICT_OBJC_MSGSEND = YES;
				ENABLE_TESTABILITY = YES;
				ENABLE_USER_SCRIPT_SANDBOXING = YES;
				GCC_C_LANGUAGE_STANDARD = gnu17;
				GCC_DYNAMIC_NO_PIC = NO;
				GCC_NO_COMMON_BLOCKS = YES;
				GCC_OPTIMIZATION_LEVEL = 0;
				GCC_PREPROCESSOR_DEFINITIONS = (
					"DEBUG=1",
					"$(inherited)",
				);
				GCC_WARN_64_TO_32_BIT_CONVERSION = YES;
				GCC_WARN_ABOUT_RETURN_TYPE = YES_ERROR;
				GCC_WARN_UNDECLARED_SELECTOR = YES;
				GCC_WARN_UNINITIALIZED_AUTOS = YES_AGGRESSIVE;
				GCC_WARN_UNUSED_FUNCTION = YES;
				GCC_WARN_UNUSED_VARIABLE = YES;
				IPHONEOS_DEPLOYMENT_TARGET = 17.2;
				LOCALIZATION_PREFERS_STRING_CATALOGS = YES;
				MTL_ENABLE_DEBUG_INFO = INCLUDE_SOURCE;
				MTL_FAST_MATH = YES;
				ONLY_ACTIVE_ARCH = YES;
				SDKROOT = iphoneos;
				SWIFT_ACTIVE_COMPILATION_CONDITIONS = "DEBUG $(inherited)";
				SWIFT_OPTIMIZATION_LEVEL = "-Onone";
			};
			name = Debug;
		};
		12E8BB4C2E4561B000FD339C /* Release */ = {
			isa = XCBuildConfiguration;
			buildSettings = {
				ALWAYS_SEARCH_USER_PATHS = NO;
				ASSETCATALOG_COMPILER_GENERATE_SWIFT_ASSET_SYMBOL_EXTENSIONS = YES;
				CLANG_ANALYZER_NONNULL = YES;
				CLANG_ANALYZER_NUMBER_OBJECT_CONVERSION = YES_AGGRESSIVE;
				CLANG_CXX_LANGUAGE_STANDARD = "gnu++20";
				CLANG_ENABLE_MODULES = YES;
				CLANG_ENABLE_OBJC_ARC = YES;
				CLANG_ENABLE_OBJC_WEAK = YES;
				CLANG_WARN_BLOCK_CAPTURE_AUTORELEASING = YES;
				CLANG_WARN_BOOL_CONVERSION = YES;
				CLANG_WARN_COMMA = YES;
				CLANG_WARN_CONSTANT_CONVERSION = YES;
				CLANG_WARN_DEPRECATED_OBJC_IMPLEMENTATIONS = YES;
				CLANG_WARN_DIRECT_OBJC_ISA_USAGE = YES_ERROR;
				CLANG_WARN_DOCUMENTATION_COMMENTS = YES;
				CLANG_WARN_EMPTY_BODY = YES;
				CLANG_WARN_ENUM_CONVERSION = YES;
				CLANG_WARN_INFINITE_RECURSION = YES;
				CLANG_WARN_INT_CONVERSION = YES;
				CLANG_WARN_NON_LITERAL_NULL_CONVERSION = YES;
				CLANG_WARN_OBJC_IMPLICIT_RETAIN_SELF = YES;
				CLANG_WARN_OBJC_LITERAL_CONVERSION = YES;
				CLANG_WARN_OBJC_ROOT_CLASS = YES_ERROR;
				CLANG_WARN_QUOTED_INCLUDE_IN_FRAMEWORK_HEADER = YES;
				CLANG_WARN_RANGE_LOOP_ANALYSIS = YES;
				CLANG_WARN_STRICT_PROTOTYPES = YES;
				CLANG_WARN_SUSPICIOUS_MOVE = YES;
				CLANG_WARN_UNGUARDED_AVAILABILITY = YES_AGGRESSIVE;
				CLANG_WARN_UNREACHABLE_CODE = YES;
				CLANG_WARN__DUPLICATE_METHOD_MATCH = YES;
				COPY_PHASE_STRIP = NO;
				DEBUG_INFORMATION_FORMAT = "dwarf-with-dsym";
				ENABLE_NS_ASSERTIONS = NO;
				ENABLE_STRICT_OBJC_MSGSEND = YES;
				ENABLE_USER_SCRIPT_SANDBOXING = YES;
				GCC_C_LANGUAGE_STANDARD = gnu17;
				GCC_NO_COMMON_BLOCKS = YES;
				GCC_WARN_64_TO_32_BIT_CONVERSION = YES;
				GCC_WARN_ABOUT_RETURN_TYPE = YES_ERROR;
				GCC_WARN_UNDECLARED_SELECTOR = YES;
				GCC_WARN_UNINITIALIZED_AUTOS = YES_AGGRESSIVE;
				GCC_WARN_UNUSED_FUNCTION = YES;
				GCC_WARN_UNUSED_VARIABLE = YES;
				IPHONEOS_DEPLOYMENT_TARGET = 17.2;
				LOCALIZATION_PREFERS_STRING_CATALOGS = YES;
				MTL_ENABLE_DEBUG_INFO = NO;
				MTL_FAST_MATH = YES;
				SDKROOT = iphoneos;
				SWIFT_COMPILATION_MODE = wholemodule;
				VALIDATE_PRODUCT = YES;
			};
			name = Release;
		};
		12E8BB4E2E4561B000FD339C /* Debug */ = {
			isa = XCBuildConfiguration;
			buildSettings = {
				ASSETCATALOG_COMPILER_APPICON_NAME = AppIcon;
				ASSETCATALOG_COMPILER_GLOBAL_ACCENT_COLOR_NAME = AccentColor;
				CODE_SIGN_STYLE = Automatic;
				CURRENT_PROJECT_VERSION = 1;
				DEVELOPMENT_ASSET_PATHS = "\"personal_trainer_app/Preview Content\"";
				DEVELOPMENT_TEAM = HQKNJY9XYD;
				ENABLE_PREVIEWS = YES;
				GENERATE_INFOPLIST_FILE = YES;
				INFOPLIST_KEY_UIApplicationSceneManifest_Generation = YES;
				INFOPLIST_KEY_UIApplicationSupportsIndirectInputEvents = YES;
				INFOPLIST_KEY_UILaunchScreen_Generation = YES;
				INFOPLIST_KEY_UISupportedInterfaceOrientations_iPad = "UIInterfaceOrientationPortrait UIInterfaceOrientationPortraitUpsideDown UIInterfaceOrientationLandscapeLeft UIInterfaceOrientationLandscapeRight";
				INFOPLIST_KEY_UISupportedInterfaceOrientations_iPhone = "UIInterfaceOrientationPortrait UIInterfaceOrientationLandscapeLeft UIInterfaceOrientationLandscapeRight";
				LD_RUNPATH_SEARCH_PATHS = (
					"$(inherited)",
					"@executable_path/Frameworks",
				);
				MARKETING_VERSION = 1.0;
				PRODUCT_BUNDLE_IDENTIFIER = "Exercise-app-organization.personal-trainer-app";
				PRODUCT_NAME = "$(TARGET_NAME)";
				SWIFT_EMIT_LOC_STRINGS = YES;
				SWIFT_VERSION = 5.0;
				TARGETED_DEVICE_FAMILY = "1,2";
			};
			name = Debug;
		};
		12E8BB4F2E4561B000FD339C /* Release */ = {
			isa = XCBuildConfiguration;
			buildSettings = {
				ASSETCATALOG_COMPILER_APPICON_NAME = AppIcon;
				ASSETCATALOG_COMPILER_GLOBAL_ACCENT_COLOR_NAME = AccentColor;
				CODE_SIGN_STYLE = Automatic;
				CURRENT_PROJECT_VERSION = 1;
				DEVELOPMENT_ASSET_PATHS = "\"personal_trainer_app/Preview Content\"";
				DEVELOPMENT_TEAM = HQKNJY9XYD;
				ENABLE_PREVIEWS = YES;
				GENERATE_INFOPLIST_FILE = YES;
				INFOPLIST_KEY_UIApplicationSceneManifest_Generation = YES;
				INFOPLIST_KEY_UIApplicationSupportsIndirectInputEvents = YES;
				INFOPLIST_KEY_UILaunchScreen_Generation = YES;
				INFOPLIST_KEY_UISupportedInterfaceOrientations_iPad = "UIInterfaceOrientationPortrait UIInterfaceOrientationPortraitUpsideDown UIInterfaceOrientationLandscapeLeft UIInterfaceOrientationLandscapeRight";
				INFOPLIST_KEY_UISupportedInterfaceOrientations_iPhone = "UIInterfaceOrientationPortrait UIInterfaceOrientationLandscapeLeft UIInterfaceOrientationLandscapeRight";
				LD_RUNPATH_SEARCH_PATHS = (
					"$(inherited)",
					"@executable_path/Frameworks",
				);
				MARKETING_VERSION = 1.0;
				PRODUCT_BUNDLE_IDENTIFIER = "Exercise-app-organization.personal-trainer-app";
				PRODUCT_NAME = "$(TARGET_NAME)";
				SWIFT_EMIT_LOC_STRINGS = YES;
				SWIFT_VERSION = 5.0;
				TARGETED_DEVICE_FAMILY = "1,2";
			};
			name = Release;
		};
		12E8BB512E4561B000FD339C /* Debug */ = {
			isa = XCBuildConfiguration;
			buildSettings = {
				ALWAYS_EMBED_SWIFT_STANDARD_LIBRARIES = YES;
				BUNDLE_LOADER = "$(TEST_HOST)";
				CODE_SIGN_STYLE = Automatic;
				CURRENT_PROJECT_VERSION = 1;
				DEVELOPMENT_TEAM = HQKNJY9XYD;
				GENERATE_INFOPLIST_FILE = YES;
				IPHONEOS_DEPLOYMENT_TARGET = 17.2;
				MARKETING_VERSION = 1.0;
				PRODUCT_BUNDLE_IDENTIFIER = "Exercise-app-organization.personal-trainer-appTests";
				PRODUCT_NAME = "$(TARGET_NAME)";
				SWIFT_EMIT_LOC_STRINGS = NO;
				SWIFT_VERSION = 5.0;
				TARGETED_DEVICE_FAMILY = "1,2";
				TEST_HOST = "$(BUILT_PRODUCTS_DIR)/personal_trainer_app.app/$(BUNDLE_EXECUTABLE_FOLDER_PATH)/personal_trainer_app";
			};
			name = Debug;
		};
		12E8BB522E4561B000FD339C /* Release */ = {
			isa = XCBuildConfiguration;
			buildSettings = {
				ALWAYS_EMBED_SWIFT_STANDARD_LIBRARIES = YES;
				BUNDLE_LOADER = "$(TEST_HOST)";
				CODE_SIGN_STYLE = Automatic;
				CURRENT_PROJECT_VERSION = 1;
				DEVELOPMENT_TEAM = HQKNJY9XYD;
				GENERATE_INFOPLIST_FILE = YES;
				IPHONEOS_DEPLOYMENT_TARGET = 17.2;
				MARKETING_VERSION = 1.0;
				PRODUCT_BUNDLE_IDENTIFIER = "Exercise-app-organization.personal-trainer-appTests";
				PRODUCT_NAME = "$(TARGET_NAME)";
				SWIFT_EMIT_LOC_STRINGS = NO;
				SWIFT_VERSION = 5.0;
				TARGETED_DEVICE_FAMILY = "1,2";
				TEST_HOST = "$(BUILT_PRODUCTS_DIR)/personal_trainer_app.app/$(BUNDLE_EXECUTABLE_FOLDER_PATH)/personal_trainer_app";
			};
			name = Release;
		};
		12E8BB542E4561B000FD339C /* Debug */ = {
			isa = XCBuildConfiguration;
			buildSettings = {
				ALWAYS_EMBED_SWIFT_STANDARD_LIBRARIES = YES;
				CODE_SIGN_STYLE = Automatic;
				CURRENT_PROJECT_VERSION = 1;
				DEVELOPMENT_TEAM = HQKNJY9XYD;
				GENERATE_INFOPLIST_FILE = YES;
				MARKETING_VERSION = 1.0;
				PRODUCT_BUNDLE_IDENTIFIER = "Exercise-app-organization.personal-trainer-appUITests";
				PRODUCT_NAME = "$(TARGET_NAME)";
				SWIFT_EMIT_LOC_STRINGS = NO;
				SWIFT_VERSION = 5.0;
				TARGETED_DEVICE_FAMILY = "1,2";
				TEST_TARGET_NAME = personal_trainer_app;
			};
			name = Debug;
		};
		12E8BB552E4561B000FD339C /* Release */ = {
			isa = XCBuildConfiguration;
			buildSettings = {
				ALWAYS_EMBED_SWIFT_STANDARD_LIBRARIES = YES;
				CODE_SIGN_STYLE = Automatic;
				CURRENT_PROJECT_VERSION = 1;
				DEVELOPMENT_TEAM = HQKNJY9XYD;
				GENERATE_INFOPLIST_FILE = YES;
				MARKETING_VERSION = 1.0;
				PRODUCT_BUNDLE_IDENTIFIER = "Exercise-app-organization.personal-trainer-appUITests";
				PRODUCT_NAME = "$(TARGET_NAME)";
				SWIFT_EMIT_LOC_STRINGS = NO;
				SWIFT_VERSION = 5.0;
				TARGETED_DEVICE_FAMILY = "1,2";
				TEST_TARGET_NAME = personal_trainer_app;
			};
			name = Release;
		};
/* End XCBuildConfiguration section */

/* Begin XCConfigurationList section */
		12E8BB242E4561AC00FD339C /* Build configuration list for PBXProject "personal_trainer_app" */ = {
			isa = XCConfigurationList;
			buildConfigurations = (
				12E8BB4B2E4561B000FD339C /* Debug */,
				12E8BB4C2E4561B000FD339C /* Release */,
			);
			defaultConfigurationIsVisible = 0;
			defaultConfigurationName = Release;
		};
		12E8BB4D2E4561B000FD339C /* Build configuration list for PBXNativeTarget "personal_trainer_app" */ = {
			isa = XCConfigurationList;
			buildConfigurations = (
				12E8BB4E2E4561B000FD339C /* Debug */,
				12E8BB4F2E4561B000FD339C /* Release */,
			);
			defaultConfigurationIsVisible = 0;
			defaultConfigurationName = Release;
		};
		12E8BB502E4561B000FD339C /* Build configuration list for PBXNativeTarget "personal_trainer_appTests" */ = {
			isa = XCConfigurationList;
			buildConfigurations = (
				12E8BB512E4561B000FD339C /* Debug */,
				12E8BB522E4561B000FD339C /* Release */,
			);
			defaultConfigurationIsVisible = 0;
			defaultConfigurationName = Release;
		};
		12E8BB532E4561B000FD339C /* Build configuration list for PBXNativeTarget "personal_trainer_appUITests" */ = {
			isa = XCConfigurationList;
			buildConfigurations = (
				12E8BB542E4561B000FD339C /* Debug */,
				12E8BB552E4561B000FD339C /* Release */,
			);
			defaultConfigurationIsVisible = 0;
			defaultConfigurationName = Release;
		};
/* End XCConfigurationList section */
	};
	rootObject = 12E8BB212E4561AC00FD339C /* Project object */;
}
