// !$*UTF8*$!
{
	archiveVersion = 1;
	classes = {
	};
	objectVersion = 56;
	objects = {

/* Begin PBXBuildFile section */
		1259855C2E341DFB004F1423 /* Exercise_appApp.swift in Sources */ = {isa = PBXBuildFile; fileRef = 1259855B2E341DFB004F1423 /* Exercise_appApp.swift */; };
		1259855E2E341DFB004F1423 /* ContentView.swift in Sources */ = {isa = PBXBuildFile; fileRef = 1259855D2E341DFB004F1423 /* ContentView.swift */; };
		125985602E341DFF004F1423 /* Assets.xcassets in Resources */ = {isa = PBXBuildFile; fileRef = 1259855F2E341DFF004F1423 /* Assets.xcassets */; };
		125985632E341DFF004F1423 /* Preview Assets.xcassets in Resources */ = {isa = PBXBuildFile; fileRef = 125985622E341DFF004F1423 /* Preview Assets.xcassets */; };
		1259856D2E341E00004F1423 /* Exercise_appTests.swift in Sources */ = {isa = PBXBuildFile; fileRef = 1259856C2E341E00004F1423 /* Exercise_appTests.swift */; };
		125985772E341E00004F1423 /* Exercise_appUITests.swift in Sources */ = {isa = PBXBuildFile; fileRef = 125985762E341E00004F1423 /* Exercise_appUITests.swift */; };
		125985792E341E00004F1423 /* Exercise_appUITestsLaunchTests.swift in Sources */ = {isa = PBXBuildFile; fileRef = 125985782E341E00004F1423 /* Exercise_appUITestsLaunchTests.swift */; };
/* End PBXBuildFile section */

/* Begin PBXContainerItemProxy section */
		125985692E341E00004F1423 /* PBXContainerItemProxy */ = {
			isa = PBXContainerItemProxy;
			containerPortal = 125985502E341DFB004F1423 /* Project object */;
			proxyType = 1;
			remoteGlobalIDString = 125985572E341DFB004F1423;
			remoteInfo = "Exercise app";
		};
		125985732E341E00004F1423 /* PBXContainerItemProxy */ = {
			isa = PBXContainerItemProxy;
			containerPortal = 125985502E341DFB004F1423 /* Project object */;
			proxyType = 1;
			remoteGlobalIDString = 125985572E341DFB004F1423;
			remoteInfo = "Exercise app";
		};
/* End PBXContainerItemProxy section */

/* Begin PBXFileReference section */
		125985582E341DFB004F1423 /* Exercise app.app */ = {isa = PBXFileReference; explicitFileType = wrapper.application; includeInIndex = 0; path = "Exercise app.app"; sourceTree = BUILT_PRODUCTS_DIR; };
		1259855B2E341DFB004F1423 /* Exercise_appApp.swift */ = {isa = PBXFileReference; lastKnownFileType = sourcecode.swift; path = Exercise_appApp.swift; sourceTree = "<group>"; };
		1259855D2E341DFB004F1423 /* ContentView.swift */ = {isa = PBXFileReference; lastKnownFileType = sourcecode.swift; path = ContentView.swift; sourceTree = "<group>"; };
		1259855F2E341DFF004F1423 /* Assets.xcassets */ = {isa = PBXFileReference; lastKnownFileType = folder.assetcatalog; path = Assets.xcassets; sourceTree = "<group>"; };
		125985622E341DFF004F1423 /* Preview Assets.xcassets */ = {isa = PBXFileReference; lastKnownFileType = folder.assetcatalog; path = "Preview Assets.xcassets"; sourceTree = "<group>"; };
		125985682E341E00004F1423 /* Exercise appTests.xctest */ = {isa = PBXFileReference; explicitFileType = wrapper.cfbundle; includeInIndex = 0; path = "Exercise appTests.xctest"; sourceTree = BUILT_PRODUCTS_DIR; };
		1259856C2E341E00004F1423 /* Exercise_appTests.swift */ = {isa = PBXFileReference; lastKnownFileType = sourcecode.swift; path = Exercise_appTests.swift; sourceTree = "<group>"; };
		125985722E341E00004F1423 /* Exercise appUITests.xctest */ = {isa = PBXFileReference; explicitFileType = wrapper.cfbundle; includeInIndex = 0; path = "Exercise appUITests.xctest"; sourceTree = BUILT_PRODUCTS_DIR; };
		125985762E341E00004F1423 /* Exercise_appUITests.swift */ = {isa = PBXFileReference; lastKnownFileType = sourcecode.swift; path = Exercise_appUITests.swift; sourceTree = "<group>"; };
		125985782E341E00004F1423 /* Exercise_appUITestsLaunchTests.swift */ = {isa = PBXFileReference; lastKnownFileType = sourcecode.swift; path = Exercise_appUITestsLaunchTests.swift; sourceTree = "<group>"; };
/* End PBXFileReference section */

/* Begin PBXFrameworksBuildPhase section */
		125985552E341DFB004F1423 /* Frameworks */ = {
			isa = PBXFrameworksBuildPhase;
			buildActionMask = 2147483647;
			files = (
			);
			runOnlyForDeploymentPostprocessing = 0;
		};
		125985652E341E00004F1423 /* Frameworks */ = {
			isa = PBXFrameworksBuildPhase;
			buildActionMask = 2147483647;
			files = (
			);
			runOnlyForDeploymentPostprocessing = 0;
		};
		1259856F2E341E00004F1423 /* Frameworks */ = {
			isa = PBXFrameworksBuildPhase;
			buildActionMask = 2147483647;
			files = (
			);
			runOnlyForDeploymentPostprocessing = 0;
		};
/* End PBXFrameworksBuildPhase section */

/* Begin PBXGroup section */
		1259854F2E341DFB004F1423 = {
			isa = PBXGroup;
			children = (
				1259855A2E341DFB004F1423 /* Exercise app */,
				1259856B2E341E00004F1423 /* Exercise appTests */,
				125985752E341E00004F1423 /* Exercise appUITests */,
				125985592E341DFB004F1423 /* Products */,
			);
			sourceTree = "<group>";
		};
		125985592E341DFB004F1423 /* Products */ = {
			isa = PBXGroup;
			children = (
				125985582E341DFB004F1423 /* Exercise app.app */,
				125985682E341E00004F1423 /* Exercise appTests.xctest */,
				125985722E341E00004F1423 /* Exercise appUITests.xctest */,
			);
			name = Products;
			sourceTree = "<group>";
		};
		1259855A2E341DFB004F1423 /* Exercise app */ = {
			isa = PBXGroup;
			children = (
				1259855B2E341DFB004F1423 /* Exercise_appApp.swift */,
				1259855D2E341DFB004F1423 /* ContentView.swift */,
				1259855F2E341DFF004F1423 /* Assets.xcassets */,
				125985612E341DFF004F1423 /* Preview Content */,
			);
			path = "Exercise app";
			sourceTree = "<group>";
		};
		125985612E341DFF004F1423 /* Preview Content */ = {
			isa = PBXGroup;
			children = (
				125985622E341DFF004F1423 /* Preview Assets.xcassets */,
			);
			path = "Preview Content";
			sourceTree = "<group>";
		};
		1259856B2E341E00004F1423 /* Exercise appTests */ = {
			isa = PBXGroup;
			children = (
				1259856C2E341E00004F1423 /* Exercise_appTests.swift */,
			);
			path = "Exercise appTests";
			sourceTree = "<group>";
		};
		125985752E341E00004F1423 /* Exercise appUITests */ = {
			isa = PBXGroup;
			children = (
				125985762E341E00004F1423 /* Exercise_appUITests.swift */,
				125985782E341E00004F1423 /* Exercise_appUITestsLaunchTests.swift */,
			);
			path = "Exercise appUITests";
			sourceTree = "<group>";
		};
/* End PBXGroup section */

/* Begin PBXNativeTarget section */
		125985572E341DFB004F1423 /* Exercise app */ = {
			isa = PBXNativeTarget;
			buildConfigurationList = 1259857C2E341E00004F1423 /* Build configuration list for PBXNativeTarget "Exercise app" */;
			buildPhases = (
				125985542E341DFB004F1423 /* Sources */,
				125985552E341DFB004F1423 /* Frameworks */,
				125985562E341DFB004F1423 /* Resources */,
			);
			buildRules = (
			);
			dependencies = (
			);
			name = "Exercise app";
			productName = "Exercise app";
			productReference = 125985582E341DFB004F1423 /* Exercise app.app */;
			productType = "com.apple.product-type.application";
		};
		125985672E341E00004F1423 /* Exercise appTests */ = {
			isa = PBXNativeTarget;
			buildConfigurationList = 1259857F2E341E00004F1423 /* Build configuration list for PBXNativeTarget "Exercise appTests" */;
			buildPhases = (
				125985642E341E00004F1423 /* Sources */,
				125985652E341E00004F1423 /* Frameworks */,
				125985662E341E00004F1423 /* Resources */,
			);
			buildRules = (
			);
			dependencies = (
				1259856A2E341E00004F1423 /* PBXTargetDependency */,
			);
			name = "Exercise appTests";
			productName = "Exercise appTests";
			productReference = 125985682E341E00004F1423 /* Exercise appTests.xctest */;
			productType = "com.apple.product-type.bundle.unit-test";
		};
		125985712E341E00004F1423 /* Exercise appUITests */ = {
			isa = PBXNativeTarget;
			buildConfigurationList = 125985822E341E00004F1423 /* Build configuration list for PBXNativeTarget "Exercise appUITests" */;
			buildPhases = (
				1259856E2E341E00004F1423 /* Sources */,
				1259856F2E341E00004F1423 /* Frameworks */,
				125985702E341E00004F1423 /* Resources */,
			);
			buildRules = (
			);
			dependencies = (
				125985742E341E00004F1423 /* PBXTargetDependency */,
			);
			name = "Exercise appUITests";
			productName = "Exercise appUITests";
			productReference = 125985722E341E00004F1423 /* Exercise appUITests.xctest */;
			productType = "com.apple.product-type.bundle.ui-testing";
		};
/* End PBXNativeTarget section */

/* Begin PBXProject section */
		125985502E341DFB004F1423 /* Project object */ = {
			isa = PBXProject;
			attributes = {
				BuildIndependentTargetsInParallel = 1;
				LastSwiftUpdateCheck = 1520;
				LastUpgradeCheck = 1520;
				TargetAttributes = {
					125985572E341DFB004F1423 = {
						CreatedOnToolsVersion = 15.2;
					};
					125985672E341E00004F1423 = {
						CreatedOnToolsVersion = 15.2;
						TestTargetID = 125985572E341DFB004F1423;
					};
					125985712E341E00004F1423 = {
						CreatedOnToolsVersion = 15.2;
						TestTargetID = 125985572E341DFB004F1423;
					};
				};
			};
			buildConfigurationList = 125985532E341DFB004F1423 /* Build configuration list for PBXProject "Exercise app" */;
			compatibilityVersion = "Xcode 14.0";
			developmentRegion = en;
			hasScannedForEncodings = 0;
			knownRegions = (
				en,
				Base,
			);
			mainGroup = 1259854F2E341DFB004F1423;
			productRefGroup = 125985592E341DFB004F1423 /* Products */;
			projectDirPath = "";
			projectRoot = "";
			targets = (
				125985572E341DFB004F1423 /* Exercise app */,
				125985672E341E00004F1423 /* Exercise appTests */,
				125985712E341E00004F1423 /* Exercise appUITests */,
			);
		};
/* End PBXProject section */

/* Begin PBXResourcesBuildPhase section */
		125985562E341DFB004F1423 /* Resources */ = {
			isa = PBXResourcesBuildPhase;
			buildActionMask = 2147483647;
			files = (
				125985632E341DFF004F1423 /* Preview Assets.xcassets in Resources */,
				125985602E341DFF004F1423 /* Assets.xcassets in Resources */,
			);
			runOnlyForDeploymentPostprocessing = 0;
		};
		125985662E341E00004F1423 /* Resources */ = {
			isa = PBXResourcesBuildPhase;
			buildActionMask = 2147483647;
			files = (
			);
			runOnlyForDeploymentPostprocessing = 0;
		};
		125985702E341E00004F1423 /* Resources */ = {
			isa = PBXResourcesBuildPhase;
			buildActionMask = 2147483647;
			files = (
			);
			runOnlyForDeploymentPostprocessing = 0;
		};
/* End PBXResourcesBuildPhase section */

/* Begin PBXSourcesBuildPhase section */
		125985542E341DFB004F1423 /* Sources */ = {
			isa = PBXSourcesBuildPhase;
			buildActionMask = 2147483647;
			files = (
				1259855E2E341DFB004F1423 /* ContentView.swift in Sources */,
				1259855C2E341DFB004F1423 /* Exercise_appApp.swift in Sources */,
			);
			runOnlyForDeploymentPostprocessing = 0;
		};
		125985642E341E00004F1423 /* Sources */ = {
			isa = PBXSourcesBuildPhase;
			buildActionMask = 2147483647;
			files = (
				1259856D2E341E00004F1423 /* Exercise_appTests.swift in Sources */,
			);
			runOnlyForDeploymentPostprocessing = 0;
		};
		1259856E2E341E00004F1423 /* Sources */ = {
			isa = PBXSourcesBuildPhase;
			buildActionMask = 2147483647;
			files = (
				125985792E341E00004F1423 /* Exercise_appUITestsLaunchTests.swift in Sources */,
				125985772E341E00004F1423 /* Exercise_appUITests.swift in Sources */,
			);
			runOnlyForDeploymentPostprocessing = 0;
		};
/* End PBXSourcesBuildPhase section */

/* Begin PBXTargetDependency section */
		1259856A2E341E00004F1423 /* PBXTargetDependency */ = {
			isa = PBXTargetDependency;
			target = 125985572E341DFB004F1423 /* Exercise app */;
			targetProxy = 125985692E341E00004F1423 /* PBXContainerItemProxy */;
		};
		125985742E341E00004F1423 /* PBXTargetDependency */ = {
			isa = PBXTargetDependency;
			target = 125985572E341DFB004F1423 /* Exercise app */;
			targetProxy = 125985732E341E00004F1423 /* PBXContainerItemProxy */;
		};
/* End PBXTargetDependency section */

/* Begin XCBuildConfiguration section */
		1259857A2E341E00004F1423 /* Debug */ = {
			isa = XCBuildConfiguration;
			buildSettings = {
				ALWAYS_SEARCH_USER_PATHS = NO;
				ASSETCATALOG_COMPILER_GENERATE_SWIFT_ASSET_SYMBOL_EXTENSIONS = YES;
				CLANG_ANALYZER_NONNULL = YES;
				CLANG_ANALYZER_NUMBER_OBJECT_CONVERSION = YES_AGGRESSIVE;
				CLANG_CXX_LANGUAGE_STANDARD = "gnu++20";
				CLANG_ENABLE_MODULES = YES;
				CLANG_ENABLE_OBJC_ARC = YES;
				CLANG_ENABLE_OBJC_WEAK = YES;
				CLANG_WARN_BLOCK_CAPTURE_AUTORELEASING = YES;
				CLANG_WARN_BOOL_CONVERSION = YES;
				CLANG_WARN_COMMA = YES;
				CLANG_WARN_CONSTANT_CONVERSION = YES;
				CLANG_WARN_DEPRECATED_OBJC_IMPLEMENTATIONS = YES;
				CLANG_WARN_DIRECT_OBJC_ISA_USAGE = YES_ERROR;
				CLANG_WARN_DOCUMENTATION_COMMENTS = YES;
				CLANG_WARN_EMPTY_BODY = YES;
				CLANG_WARN_ENUM_CONVERSION = YES;
				CLANG_WARN_INFINITE_RECURSION = YES;
				CLANG_WARN_INT_CONVERSION = YES;
				CLANG_WARN_NON_LITERAL_NULL_CONVERSION = YES;
				CLANG_WARN_OBJC_IMPLICIT_RETAIN_SELF = YES;
				CLANG_WARN_OBJC_LITERAL_CONVERSION = YES;
				CLANG_WARN_OBJC_ROOT_CLASS = YES_ERROR;
				CLANG_WARN_QUOTED_INCLUDE_IN_FRAMEWORK_HEADER = YES;
				CLANG_WARN_RANGE_LOOP_ANALYSIS = YES;
				CLANG_WARN_STRICT_PROTOTYPES = YES;
				CLANG_WARN_SUSPICIOUS_MOVE = YES;
				CLANG_WARN_UNGUARDED_AVAILABILITY = YES_AGGRESSIVE;
				CLANG_WARN_UNREACHABLE_CODE = YES;
				CLANG_WARN__DUPLICATE_METHOD_MATCH = YES;
				COPY_PHASE_STRIP = NO;
				DEBUG_INFORMATION_FORMAT = dwarf;
				ENABLE_STRICT_OBJC_MSGSEND = YES;
				ENABLE_TESTABILITY = YES;
				ENABLE_USER_SCRIPT_SANDBOXING = YES;
				GCC_C_LANGUAGE_STANDARD = gnu17;
				GCC_DYNAMIC_NO_PIC = NO;
				GCC_NO_COMMON_BLOCKS = YES;
				GCC_OPTIMIZATION_LEVEL = 0;
				GCC_PREPROCESSOR_DEFINITIONS = (
					"DEBUG=1",
					"$(inherited)",
				);
				GCC_WARN_64_TO_32_BIT_CONVERSION = YES;
				GCC_WARN_ABOUT_RETURN_TYPE = YES_ERROR;
				GCC_WARN_UNDECLARED_SELECTOR = YES;
				GCC_WARN_UNINITIALIZED_AUTOS = YES_AGGRESSIVE;
				GCC_WARN_UNUSED_FUNCTION = YES;
				GCC_WARN_UNUSED_VARIABLE = YES;
				IPHONEOS_DEPLOYMENT_TARGET = 17.2;
				LOCALIZATION_PREFERS_STRING_CATALOGS = YES;
				MTL_ENABLE_DEBUG_INFO = INCLUDE_SOURCE;
				MTL_FAST_MATH = YES;
				ONLY_ACTIVE_ARCH = YES;
				SDKROOT = iphoneos;
				SWIFT_ACTIVE_COMPILATION_CONDITIONS = "DEBUG $(inherited)";
				SWIFT_OPTIMIZATION_LEVEL = "-Onone";
			};
			name = Debug;
		};
		1259857B2E341E00004F1423 /* Release */ = {
			isa = XCBuildConfiguration;
			buildSettings = {
				ALWAYS_SEARCH_USER_PATHS = NO;
				ASSETCATALOG_COMPILER_GENERATE_SWIFT_ASSET_SYMBOL_EXTENSIONS = YES;
				CLANG_ANALYZER_NONNULL = YES;
				CLANG_ANALYZER_NUMBER_OBJECT_CONVERSION = YES_AGGRESSIVE;
				CLANG_CXX_LANGUAGE_STANDARD = "gnu++20";
				CLANG_ENABLE_MODULES = YES;
				CLANG_ENABLE_OBJC_ARC = YES;
				CLANG_ENABLE_OBJC_WEAK = YES;
				CLANG_WARN_BLOCK_CAPTURE_AUTORELEASING = YES;
				CLANG_WARN_BOOL_CONVERSION = YES;
				CLANG_WARN_COMMA = YES;
				CLANG_WARN_CONSTANT_CONVERSION = YES;
				CLANG_WARN_DEPRECATED_OBJC_IMPLEMENTATIONS = YES;
				CLANG_WARN_DIRECT_OBJC_ISA_USAGE = YES_ERROR;
				CLANG_WARN_DOCUMENTATION_COMMENTS = YES;
				CLANG_WARN_EMPTY_BODY = YES;
				CLANG_WARN_ENUM_CONVERSION = YES;
				CLANG_WARN_INFINITE_RECURSION = YES;
				CLANG_WARN_INT_CONVERSION = YES;
				CLANG_WARN_NON_LITERAL_NULL_CONVERSION = YES;
				CLANG_WARN_OBJC_IMPLICIT_RETAIN_SELF = YES;
				CLANG_WARN_OBJC_LITERAL_CONVERSION = YES;
				CLANG_WARN_OBJC_ROOT_CLASS = YES_ERROR;
				CLANG_WARN_QUOTED_INCLUDE_IN_FRAMEWORK_HEADER = YES;
				CLANG_WARN_RANGE_LOOP_ANALYSIS = YES;
				CLANG_WARN_STRICT_PROTOTYPES = YES;
				CLANG_WARN_SUSPICIOUS_MOVE = YES;
				CLANG_WARN_UNGUARDED_AVAILABILITY = YES_AGGRESSIVE;
				CLANG_WARN_UNREACHABLE_CODE = YES;
				CLANG_WARN__DUPLICATE_METHOD_MATCH = YES;
				COPY_PHASE_STRIP = NO;
				DEBUG_INFORMATION_FORMAT = "dwarf-with-dsym";
				ENABLE_NS_ASSERTIONS = NO;
				ENABLE_STRICT_OBJC_MSGSEND = YES;
				ENABLE_USER_SCRIPT_SANDBOXING = YES;
				GCC_C_LANGUAGE_STANDARD = gnu17;
				GCC_NO_COMMON_BLOCKS = YES;
				GCC_WARN_64_TO_32_BIT_CONVERSION = YES;
				GCC_WARN_ABOUT_RETURN_TYPE = YES_ERROR;
				GCC_WARN_UNDECLARED_SELECTOR = YES;
				GCC_WARN_UNINITIALIZED_AUTOS = YES_AGGRESSIVE;
				GCC_WARN_UNUSED_FUNCTION = YES;
				GCC_WARN_UNUSED_VARIABLE = YES;
				IPHONEOS_DEPLOYMENT_TARGET = 17.2;
				LOCALIZATION_PREFERS_STRING_CATALOGS = YES;
				MTL_ENABLE_DEBUG_INFO = NO;
				MTL_FAST_MATH = YES;
				SDKROOT = iphoneos;
				SWIFT_COMPILATION_MODE = wholemodule;
				VALIDATE_PRODUCT = YES;
			};
			name = Release;
		};
		1259857D2E341E00004F1423 /* Debug */ = {
			isa = XCBuildConfiguration;
			buildSettings = {
				ASSETCATALOG_COMPILER_APPICON_NAME = AppIcon;
				ASSETCATALOG_COMPILER_GLOBAL_ACCENT_COLOR_NAME = AccentColor;
				CODE_SIGN_STYLE = Automatic;
				CURRENT_PROJECT_VERSION = 1;
				DEVELOPMENT_ASSET_PATHS = "\"Exercise app/Preview Content\"";
				DEVELOPMENT_TEAM = HQKNJY9XYD;
				ENABLE_PREVIEWS = YES;
				GENERATE_INFOPLIST_FILE = YES;
				INFOPLIST_KEY_UIApplicationSceneManifest_Generation = YES;
				INFOPLIST_KEY_UIApplicationSupportsIndirectInputEvents = YES;
				INFOPLIST_KEY_UILaunchScreen_Generation = YES;
				INFOPLIST_KEY_UISupportedInterfaceOrientations_iPad = "UIInterfaceOrientationPortrait UIInterfaceOrientationPortraitUpsideDown UIInterfaceOrientationLandscapeLeft UIInterfaceOrientationLandscapeRight";
				INFOPLIST_KEY_UISupportedInterfaceOrientations_iPhone = "UIInterfaceOrientationPortrait UIInterfaceOrientationLandscapeLeft UIInterfaceOrientationLandscapeRight";
				LD_RUNPATH_SEARCH_PATHS = (
					"$(inherited)",
					"@executable_path/Frameworks",
				);
				MARKETING_VERSION = 1.0;
				PRODUCT_BUNDLE_IDENTIFIER = "Exercise-app-organization.Exercise-app";
				PRODUCT_NAME = "$(TARGET_NAME)";
				SWIFT_EMIT_LOC_STRINGS = YES;
				SWIFT_VERSION = 5.0;
				TARGETED_DEVICE_FAMILY = "1,2";
			};
			name = Debug;
		};
		1259857E2E341E00004F1423 /* Release */ = {
			isa = XCBuildConfiguration;
			buildSettings = {
				ASSETCATALOG_COMPILER_APPICON_NAME = AppIcon;
				ASSETCATALOG_COMPILER_GLOBAL_ACCENT_COLOR_NAME = AccentColor;
				CODE_SIGN_STYLE = Automatic;
				CURRENT_PROJECT_VERSION = 1;
				DEVELOPMENT_ASSET_PATHS = "\"Exercise app/Preview Content\"";
				DEVELOPMENT_TEAM = HQKNJY9XYD;
				ENABLE_PREVIEWS = YES;
				GENERATE_INFOPLIST_FILE = YES;
				INFOPLIST_KEY_UIApplicationSceneManifest_Generation = YES;
				INFOPLIST_KEY_UIApplicationSupportsIndirectInputEvents = YES;
				INFOPLIST_KEY_UILaunchScreen_Generation = YES;
				INFOPLIST_KEY_UISupportedInterfaceOrientations_iPad = "UIInterfaceOrientationPortrait UIInterfaceOrientationPortraitUpsideDown UIInterfaceOrientationLandscapeLeft UIInterfaceOrientationLandscapeRight";
				INFOPLIST_KEY_UISupportedInterfaceOrientations_iPhone = "UIInterfaceOrientationPortrait UIInterfaceOrientationLandscapeLeft UIInterfaceOrientationLandscapeRight";
				LD_RUNPATH_SEARCH_PATHS = (
					"$(inherited)",
					"@executable_path/Frameworks",
				);
				MARKETING_VERSION = 1.0;
				PRODUCT_BUNDLE_IDENTIFIER = "Exercise-app-organization.Exercise-app";
				PRODUCT_NAME = "$(TARGET_NAME)";
				SWIFT_EMIT_LOC_STRINGS = YES;
				SWIFT_VERSION = 5.0;
				TARGETED_DEVICE_FAMILY = "1,2";
			};
			name = Release;
		};
		125985802E341E00004F1423 /* Debug */ = {
			isa = XCBuildConfiguration;
			buildSettings = {
				ALWAYS_EMBED_SWIFT_STANDARD_LIBRARIES = YES;
				BUNDLE_LOADER = "$(TEST_HOST)";
				CODE_SIGN_STYLE = Automatic;
				CURRENT_PROJECT_VERSION = 1;
				DEVELOPMENT_TEAM = HQKNJY9XYD;
				GENERATE_INFOPLIST_FILE = YES;
				IPHONEOS_DEPLOYMENT_TARGET = 17.2;
				MARKETING_VERSION = 1.0;
				PRODUCT_BUNDLE_IDENTIFIER = "Exercise-app-organization.Exercise-appTests";
				PRODUCT_NAME = "$(TARGET_NAME)";
				SWIFT_EMIT_LOC_STRINGS = NO;
				SWIFT_VERSION = 5.0;
				TARGETED_DEVICE_FAMILY = "1,2";
				TEST_HOST = "$(BUILT_PRODUCTS_DIR)/Exercise app.app/$(BUNDLE_EXECUTABLE_FOLDER_PATH)/Exercise app";
			};
			name = Debug;
		};
		125985812E341E00004F1423 /* Release */ = {
			isa = XCBuildConfiguration;
			buildSettings = {
				ALWAYS_EMBED_SWIFT_STANDARD_LIBRARIES = YES;
				BUNDLE_LOADER = "$(TEST_HOST)";
				CODE_SIGN_STYLE = Automatic;
				CURRENT_PROJECT_VERSION = 1;
				DEVELOPMENT_TEAM = HQKNJY9XYD;
				GENERATE_INFOPLIST_FILE = YES;
				IPHONEOS_DEPLOYMENT_TARGET = 17.2;
				MARKETING_VERSION = 1.0;
				PRODUCT_BUNDLE_IDENTIFIER = "Exercise-app-organization.Exercise-appTests";
				PRODUCT_NAME = "$(TARGET_NAME)";
				SWIFT_EMIT_LOC_STRINGS = NO;
				SWIFT_VERSION = 5.0;
				TARGETED_DEVICE_FAMILY = "1,2";
				TEST_HOST = "$(BUILT_PRODUCTS_DIR)/Exercise app.app/$(BUNDLE_EXECUTABLE_FOLDER_PATH)/Exercise app";
			};
			name = Release;
		};
		125985832E341E00004F1423 /* Debug */ = {
			isa = XCBuildConfiguration;
			buildSettings = {
				ALWAYS_EMBED_SWIFT_STANDARD_LIBRARIES = YES;
				CODE_SIGN_STYLE = Automatic;
				CURRENT_PROJECT_VERSION = 1;
				DEVELOPMENT_TEAM = HQKNJY9XYD;
				GENERATE_INFOPLIST_FILE = YES;
				MARKETING_VERSION = 1.0;
				PRODUCT_BUNDLE_IDENTIFIER = "Exercise-app-organization.Exercise-appUITests";
				PRODUCT_NAME = "$(TARGET_NAME)";
				SWIFT_EMIT_LOC_STRINGS = NO;
				SWIFT_VERSION = 5.0;
				TARGETED_DEVICE_FAMILY = "1,2";
				TEST_TARGET_NAME = "Exercise app";
			};
			name = Debug;
		};
		125985842E341E00004F1423 /* Release */ = {
			isa = XCBuildConfiguration;
			buildSettings = {
				ALWAYS_EMBED_SWIFT_STANDARD_LIBRARIES = YES;
				CODE_SIGN_STYLE = Automatic;
				CURRENT_PROJECT_VERSION = 1;
				DEVELOPMENT_TEAM = HQKNJY9XYD;
				GENERATE_INFOPLIST_FILE = YES;
				MARKETING_VERSION = 1.0;
				PRODUCT_BUNDLE_IDENTIFIER = "Exercise-app-organization.Exercise-appUITests";
				PRODUCT_NAME = "$(TARGET_NAME)";
				SWIFT_EMIT_LOC_STRINGS = NO;
				SWIFT_VERSION = 5.0;
				TARGETED_DEVICE_FAMILY = "1,2";
				TEST_TARGET_NAME = "Exercise app";
			};
			name = Release;
		};
/* End XCBuildConfiguration section */

/* Begin XCConfigurationList section */
		125985532E341DFB004F1423 /* Build configuration list for PBXProject "Exercise app" */ = {
			isa = XCConfigurationList;
			buildConfigurations = (
				1259857A2E341E00004F1423 /* Debug */,
				1259857B2E341E00004F1423 /* Release */,
			);
			defaultConfigurationIsVisible = 0;
			defaultConfigurationName = Release;
		};
		1259857C2E341E00004F1423 /* Build configuration list for PBXNativeTarget "Exercise app" */ = {
			isa = XCConfigurationList;
			buildConfigurations = (
				1259857D2E341E00004F1423 /* Debug */,
				1259857E2E341E00004F1423 /* Release */,
			);
			defaultConfigurationIsVisible = 0;
			defaultConfigurationName = Release;
		};
		1259857F2E341E00004F1423 /* Build configuration list for PBXNativeTarget "Exercise appTests" */ = {
			isa = XCConfigurationList;
			buildConfigurations = (
				125985802E341E00004F1423 /* Debug */,
				125985812E341E00004F1423 /* Release */,
			);
			defaultConfigurationIsVisible = 0;
			defaultConfigurationName = Release;
		};
		125985822E341E00004F1423 /* Build configuration list for PBXNativeTarget "Exercise appUITests" */ = {
			isa = XCConfigurationList;
			buildConfigurations = (
				125985832E341E00004F1423 /* Debug */,
				125985842E341E00004F1423 /* Release */,
			);
			defaultConfigurationIsVisible = 0;
			defaultConfigurationName = Release;
		};
/* End XCConfigurationList section */
	};
	rootObject = 125985502E341DFB004F1423 /* Project object */;
}
